
Microsoft Visual Studio Solution File, Format Version 12.00
# Visual Studio 15
VisualStudioVersion = 15.0.26124.0
MinimumVisualStudioVersion = 15.0.26124.0
Project("{F2A71F9B-5D33-465A-A702-920D77279786}") = "Nightwatch", "Nightwatch\Nightwatch.fsproj", "{47490E30-311D-417E-BF1E-14F7665662A7}"
EndProject
Project("{F2A71F9B-5D33-465A-A702-920D77279786}") = "Nightwatch.Tests", "Nightwatch.Tests\Nightwatch.Tests.fsproj", "{2EFFE590-426D-48E6-86F1-0CA4CEFE5DD0}"
EndProject
Project("{F2A71F9B-5D33-465A-A702-920D77279786}") = "Nightwatch.Core", "Nightwatch.Core\Nightwatch.Core.fsproj", "{EC6BADF3-61AC-4A3A-A38D-529342F6104B}"
EndProject
Project("{F2A71F9B-5D33-465A-A702-920D77279786}") = "Nightwatch.Resources", "Nightwatch.Resources\Nightwatch.Resources.fsproj", "{CC87AC2B-3BA4-4ED5-97AC-01CACC499B5A}"
EndProject
Project("{FAE04EC0-301F-11D3-BF4B-00C04F79EFBC}") = "Nightwatch.Samples.CSharp", "Nightwatch.Samples.CSharp\Nightwatch.Samples.CSharp.csproj", "{D408B407-B274-420F-AC02-A9D2D9B964AA}"
EndProject
Project("{F2A71F9B-5D33-465A-A702-920D77279786}") = "Nightwatch.ServiceModel", "Nightwatch.ServiceModel\Nightwatch.ServiceModel.fsproj", "{4F516E4D-4881-4149-849C-C1137A00CB4D}"
EndProject
Project("{2150E333-8FDC-42A3-9474-1A3956D46DE8}") = "Scripts", "Scripts", "{9F50BE94-AD72-43A5-8C60-2C25710F4863}"
	ProjectSection(SolutionItems) = preProject
		scripts\github-actions.fsx = scripts\github-actions.fsx
	EndProjectSection
EndProject
Project("{2150E333-8FDC-42A3-9474-1A3956D46DE8}") = ".github", ".github", "{0E8B5E47-2C7D-4F38-B131-C4B7E437F8C2}"
EndProject
Project("{2150E333-8FDC-42A3-9474-1A3956D46DE8}") = "workflows", "workflows", "{1445E00A-4DBE-4991-B93C-0B3A93887C85}"
	ProjectSection(SolutionItems) = preProject
		.github\workflows\main.yml = .github\workflows\main.yml
	EndProjectSection
EndProject
Project("{2150E333-8FDC-42A3-9474-1A3956D46DE8}") = "Solution Items", "Solution Items", "{CDDBF7A2-8590-4D5A-92B0-2218FBDD85BC}"
	ProjectSection(SolutionItems) = preProject
		renovate.json = renovate.json
		renovate.json.license = renovate.json.license
	EndProjectSection
EndProject
Global
	GlobalSection(SolutionConfigurationPlatforms) = preSolution
		Debug|Any CPU = Debug|Any CPU
		Debug|x64 = Debug|x64
		Debug|x86 = Debug|x86
		Release|Any CPU = Release|Any CPU
		Release|x64 = Release|x64
		Release|x86 = Release|x86
	EndGlobalSection
	GlobalSection(SolutionProperties) = preSolution
		HideSolutionNode = FALSE
	EndGlobalSection
	GlobalSection(ProjectConfigurationPlatforms) = postSolution
		{47490E30-311D-417E-BF1E-14F7665662A7}.Debug|Any CPU.ActiveCfg = Debug|Any CPU
		{47490E30-311D-417E-BF1E-14F7665662A7}.Debug|Any CPU.Build.0 = Debug|Any CPU
		{47490E30-311D-417E-BF1E-14F7665662A7}.Debug|x64.ActiveCfg = Debug|x64
		{47490E30-311D-417E-BF1E-14F7665662A7}.Debug|x64.Build.0 = Debug|x64
		{47490E30-311D-417E-BF1E-14F7665662A7}.Debug|x86.ActiveCfg = Debug|x86
		{47490E30-311D-417E-BF1E-14F7665662A7}.Debug|x86.Build.0 = Debug|x86
		{47490E30-311D-417E-BF1E-14F7665662A7}.Release|Any CPU.ActiveCfg = Release|Any CPU
		{47490E30-311D-417E-BF1E-14F7665662A7}.Release|Any CPU.Build.0 = Release|Any CPU
		{47490E30-311D-417E-BF1E-14F7665662A7}.Release|x64.ActiveCfg = Release|x64
		{47490E30-311D-417E-BF1E-14F7665662A7}.Release|x64.Build.0 = Release|x64
		{47490E30-311D-417E-BF1E-14F7665662A7}.Release|x86.ActiveCfg = Release|x86
		{47490E30-311D-417E-BF1E-14F7665662A7}.Release|x86.Build.0 = Release|x86
		{2EFFE590-426D-48E6-86F1-0CA4CEFE5DD0}.Debug|Any CPU.ActiveCfg = Debug|Any CPU
		{2EFFE590-426D-48E6-86F1-0CA4CEFE5DD0}.Debug|Any CPU.Build.0 = Debug|Any CPU
		{2EFFE590-426D-48E6-86F1-0CA4CEFE5DD0}.Debug|x64.ActiveCfg = Debug|x64
		{2EFFE590-426D-48E6-86F1-0CA4CEFE5DD0}.Debug|x64.Build.0 = Debug|x64
		{2EFFE590-426D-48E6-86F1-0CA4CEFE5DD0}.Debug|x86.ActiveCfg = Debug|x86
		{2EFFE590-426D-48E6-86F1-0CA4CEFE5DD0}.Debug|x86.Build.0 = Debug|x86
		{2EFFE590-426D-48E6-86F1-0CA4CEFE5DD0}.Release|Any CPU.ActiveCfg = Release|Any CPU
		{2EFFE590-426D-48E6-86F1-0CA4CEFE5DD0}.Release|Any CPU.Build.0 = Release|Any CPU
		{2EFFE590-426D-48E6-86F1-0CA4CEFE5DD0}.Release|x64.ActiveCfg = Release|x64
		{2EFFE590-426D-48E6-86F1-0CA4CEFE5DD0}.Release|x64.Build.0 = Release|x64
		{2EFFE590-426D-48E6-86F1-0CA4CEFE5DD0}.Release|x86.ActiveCfg = Release|x86
		{2EFFE590-426D-48E6-86F1-0CA4CEFE5DD0}.Release|x86.Build.0 = Release|x86
		{EC6BADF3-61AC-4A3A-A38D-529342F6104B}.Debug|Any CPU.ActiveCfg = Debug|Any CPU
		{EC6BADF3-61AC-4A3A-A38D-529342F6104B}.Debug|Any CPU.Build.0 = Debug|Any CPU
		{EC6BADF3-61AC-4A3A-A38D-529342F6104B}.Debug|x64.ActiveCfg = Debug|x64
		{EC6BADF3-61AC-4A3A-A38D-529342F6104B}.Debug|x64.Build.0 = Debug|x64
		{EC6BADF3-61AC-4A3A-A38D-529342F6104B}.Debug|x86.ActiveCfg = Debug|x86
		{EC6BADF3-61AC-4A3A-A38D-529342F6104B}.Debug|x86.Build.0 = Debug|x86
		{EC6BADF3-61AC-4A3A-A38D-529342F6104B}.Release|Any CPU.ActiveCfg = Release|Any CPU
		{EC6BADF3-61AC-4A3A-A38D-529342F6104B}.Release|Any CPU.Build.0 = Release|Any CPU
		{EC6BADF3-61AC-4A3A-A38D-529342F6104B}.Release|x64.ActiveCfg = Release|x64
		{EC6BADF3-61AC-4A3A-A38D-529342F6104B}.Release|x64.Build.0 = Release|x64
		{EC6BADF3-61AC-4A3A-A38D-529342F6104B}.Release|x86.ActiveCfg = Release|x86
		{EC6BADF3-61AC-4A3A-A38D-529342F6104B}.Release|x86.Build.0 = Release|x86
		{CC87AC2B-3BA4-4ED5-97AC-01CACC499B5A}.Debug|Any CPU.ActiveCfg = Debug|Any CPU
		{CC87AC2B-3BA4-4ED5-97AC-01CACC499B5A}.Debug|Any CPU.Build.0 = Debug|Any CPU
		{CC87AC2B-3BA4-4ED5-97AC-01CACC499B5A}.Debug|x64.ActiveCfg = Debug|x64
		{CC87AC2B-3BA4-4ED5-97AC-01CACC499B5A}.Debug|x64.Build.0 = Debug|x64
		{CC87AC2B-3BA4-4ED5-97AC-01CACC499B5A}.Debug|x86.ActiveCfg = Debug|x86
		{CC87AC2B-3BA4-4ED5-97AC-01CACC499B5A}.Debug|x86.Build.0 = Debug|x86
		{CC87AC2B-3BA4-4ED5-97AC-01CACC499B5A}.Release|Any CPU.ActiveCfg = Release|Any CPU
		{CC87AC2B-3BA4-4ED5-97AC-01CACC499B5A}.Release|Any CPU.Build.0 = Release|Any CPU
		{CC87AC2B-3BA4-4ED5-97AC-01CACC499B5A}.Release|x64.ActiveCfg = Release|x64
		{CC87AC2B-3BA4-4ED5-97AC-01CACC499B5A}.Release|x64.Build.0 = Release|x64
		{CC87AC2B-3BA4-4ED5-97AC-01CACC499B5A}.Release|x86.ActiveCfg = Release|x86
		{CC87AC2B-3BA4-4ED5-97AC-01CACC499B5A}.Release|x86.Build.0 = Release|x86
		{D408B407-B274-420F-AC02-A9D2D9B964AA}.Debug|Any CPU.ActiveCfg = Debug|Any CPU
		{D408B407-B274-420F-AC02-A9D2D9B964AA}.Debug|Any CPU.Build.0 = Debug|Any CPU
		{D408B407-B274-420F-AC02-A9D2D9B964AA}.Debug|x64.ActiveCfg = Debug|x64
		{D408B407-B274-420F-AC02-A9D2D9B964AA}.Debug|x64.Build.0 = Debug|x64
		{D408B407-B274-420F-AC02-A9D2D9B964AA}.Debug|x86.ActiveCfg = Debug|x86
		{D408B407-B274-420F-AC02-A9D2D9B964AA}.Debug|x86.Build.0 = Debug|x86
		{D408B407-B274-420F-AC02-A9D2D9B964AA}.Release|Any CPU.ActiveCfg = Release|Any CPU
		{D408B407-B274-420F-AC02-A9D2D9B964AA}.Release|Any CPU.Build.0 = Release|Any CPU
		{D408B407-B274-420F-AC02-A9D2D9B964AA}.Release|x64.ActiveCfg = Release|x64
		{D408B407-B274-420F-AC02-A9D2D9B964AA}.Release|x64.Build.0 = Release|x64
		{D408B407-B274-420F-AC02-A9D2D9B964AA}.Release|x86.ActiveCfg = Release|x86
		{D408B407-B274-420F-AC02-A9D2D9B964AA}.Release|x86.Build.0 = Release|x86
		{4F516E4D-4881-4149-849C-C1137A00CB4D}.Debug|Any CPU.ActiveCfg = Debug|Any CPU
		{4F516E4D-4881-4149-849C-C1137A00CB4D}.Debug|Any CPU.Build.0 = Debug|Any CPU
		{4F516E4D-4881-4149-849C-C1137A00CB4D}.Debug|x64.ActiveCfg = Debug|Any CPU
		{4F516E4D-4881-4149-849C-C1137A00CB4D}.Debug|x64.Build.0 = Debug|Any CPU
		{4F516E4D-4881-4149-849C-C1137A00CB4D}.Debug|x86.ActiveCfg = Debug|Any CPU
		{4F516E4D-4881-4149-849C-C1137A00CB4D}.Debug|x86.Build.0 = Debug|Any CPU
		{4F516E4D-4881-4149-849C-C1137A00CB4D}.Release|Any CPU.ActiveCfg = Release|Any CPU
		{4F516E4D-4881-4149-849C-C1137A00CB4D}.Release|Any CPU.Build.0 = Release|Any CPU
		{4F516E4D-4881-4149-849C-C1137A00CB4D}.Release|x64.ActiveCfg = Release|Any CPU
		{4F516E4D-4881-4149-849C-C1137A00CB4D}.Release|x64.Build.0 = Release|Any CPU
		{4F516E4D-4881-4149-849C-C1137A00CB4D}.Release|x86.ActiveCfg = Release|Any CPU
		{4F516E4D-4881-4149-849C-C1137A00CB4D}.Release|x86.Build.0 = Release|Any CPU
	EndGlobalSection
	GlobalSection(NestedProjects) = preSolution
		{1445E00A-4DBE-4991-B93C-0B3A93887C85} = {0E8B5E47-2C7D-4F38-B131-C4B7E437F8C2}
	EndGlobalSection
EndGlobal
