{
  "version": 2,
  "dependencies": {
    "net10.0": {
      "ChangelogAutomation.MSBuild": {
        "type": "Direct",
        "requested": "[3.0.5, )",
        "resolved": "3.0.5",
        "contentHash": "YNDKLeKFebqyvYZXxVC6abk4G1vg5spqVisJA0fHCkGtYJTu5DMFWOgKKNr0NDhY4BD4V5MYXCUZ4tWl58tAcw==",
        "dependencies": {
          "Markdig": "0.44.0",
          "Microsoft.Build.Framework": "17.8.43",
          "Microsoft.Build.Utilities.Core": "17.8.43"
        }
      },
      "FSharp.Core": {
        "type": "Direct",
        "requested": "[10.1.201, )",
        "resolved": "10.1.201",
        "contentHash": "s5w9LWYurZ9yZdIppoIaYLkRadyT5s3u0wbQCb0J4bQd3ubIlIWQ3Nd5+ll1y3pv5OnTS373dP8T1S/BP46QXg=="
      },
      "Microsoft.SourceLink.GitHub": {
        "type": "Direct",
        "requested": "[10.0.200, )",
        "resolved": "10.0.200",
        "contentHash": "jZ34WRkUOZJX5V0FPhZJqtWSY+YB6/Vuuam1LGUwRzyYiRgs5qpAHHcrsckHCISjxXklGPwqh8j8t1g460PG1g==",
        "dependencies": {
          "Microsoft.Build.Tasks.Git": "10.0.200",
          "Microsoft.SourceLink.Common": "10.0.200",
          "System.IO.Hashing": "10.0.4"
        }
      },
      "TruePath": {
        "type": "Direct",
        "requested": "[1.11.0, )",
        "resolved": "1.11.0",
        "contentHash": "cSxOk2ySwZfxmPnUExAn48eiHi5cX6tUBnosjlDsB4jGhOHQv/zTzHN9W6tSfAr9IEC+38tpYL2J5udv1IlCjQ==",
        "dependencies": {
          "Microsoft.Bcl.Memory": "9.0.10"
        }
      },
      "Markdig": {
        "type": "Transitive",
        "resolved": "0.44.0",
        "contentHash": "X+CYMjcUnh/yO24wOSQxVFLiGqWrrtXJ5M7toHiM1Zk4Fg9UMLN5fkaq6FSOWH+mIprsHHgDMlq3MJhmrXalhg=="
      },
      "Microsoft.Build.Framework": {
        "type": "Transitive",
        "resolved": "17.8.43",
        "contentHash": "TA6fCbd9qFSyhIKcUn5BhDN3/JrqpspO9KYsZKUvHyQpQrHVdzy4Hk6egjjBP3T0L562TLZuHEzQwJziyRBEkw=="
      },
      "Microsoft.Build.Tasks.Git": {
        "type": "Transitive",
        "resolved": "10.0.200",
        "contentHash": "UvGsrIcmqICxi0OiQ3ekgXVM9DJQQG0dkhxvp0RNkv4aH5zAbjX0/LWgz64SrkQS2mme+1dz2pMnM/R4vOI1AQ==",
        "dependencies": {
          "System.IO.Hashing": "10.0.4"
        }
      },
      "Microsoft.Build.Utilities.Core": {
        "type": "Transitive",
        "resolved": "17.8.43",
        "contentHash": "vptXyfr6LSyD/7WpkjNnsCOaHLVME1cr2azsc8rX9laBqm+Fr+lqb3TOz0tlniXHzO6LS+6M7n9HNQoG9B9mFQ==",
        "dependencies": {
          "Microsoft.Build.Framework": "17.8.43",
          "Microsoft.NET.StringTools": "17.8.43",
          "Microsoft.VisualStudio.Setup.Configuration.Interop": "3.2.2146",
          "System.Configuration.ConfigurationManager": "7.0.0"
        }
      },
      "Microsoft.NET.StringTools": {
        "type": "Transitive",
        "resolved": "17.8.43",
        "contentHash": "DglJrwfew+PEAzZp0FALdQl4y2ysgaUsddR78Xlnk2UFw4jBN/xmM6tIyT6sFkRXZ6Y0xZ8VKsk8Xii07lWqTA=="
      },
      "Microsoft.SourceLink.Common": {
        "type": "Transitive",
        "resolved": "10.0.200",
        "contentHash": "FxaSq+pMA7BS5dA5DXs0FscrvYzi6Rtm/zcU/ZMHV22lMIk07jz0WZdrWERQ9TJNARkne+z1Coow/a0w5Wl4yQ=="
      },
      "Microsoft.VisualStudio.Setup.Configuration.Interop": {
        "type": "Transitive",
        "resolved": "3.2.2146",
        "contentHash": "gMq8uGy8zTIp0kQGTI45buZC3JOStGJyjGD8gksskk83aQISW65IESErLE/WDT7Bdy+QWbdUi7QyO1LEzUSOFA=="
      },
      "Microsoft.Win32.SystemEvents": {
        "type": "Transitive",
        "resolved": "7.0.0",
        "contentHash": "2nXPrhdAyAzir0gLl8Yy8S5Mnm/uBSQQA7jEsILOS1MTyS7DbmV1NgViMtvV1sfCD1ebITpNwb1NIinKeJgUVQ=="
      },
      "System.Configuration.ConfigurationManager": {
        "type": "Transitive",
        "resolved": "7.0.0",
        "contentHash": "WvRUdlL1lB0dTRZSs5XcQOd5q9MYNk90GkbmRmiCvRHThWiojkpGqWdmEDJdXyHbxG/BhE5hmVbMfRLXW9FJVA==",
        "dependencies": {
          "System.Diagnostics.EventLog": "7.0.0",
          "System.Security.Cryptography.ProtectedData": "7.0.0",
          "System.Security.Permissions": "7.0.0"
        }
      },
      "System.Diagnostics.EventLog": {
        "type": "Transitive",
        "resolved": "7.0.0",
        "contentHash": "eUDP47obqQm3SFJfP6z+Fx2nJ4KKTQbXB4Q9Uesnzw9SbYdhjyoGXuvDn/gEmFY6N5Z3bFFbpAQGA7m6hrYJCw=="
      },
      "System.Drawing.Common": {
        "type": "Transitive",
        "resolved": "7.0.0",
        "contentHash": "KIX+oBU38pxkKPxvLcLfIkOV5Ien8ReN78wro7OF5/erwcmortzeFx+iBswlh2Vz6gVne0khocQudGwaO1Ey6A==",
        "dependencies": {
          "Microsoft.Win32.SystemEvents": "7.0.0"
        }
      },
      "System.IO.Hashing": {
        "type": "Transitive",
        "resolved": "10.0.4",
        "contentHash": "D5nHu/rBFu2mUyqyWWCTPxqvQisJKIqK/GU3X6BQbYIFYBDHTvUXToyv0oSszS26/6oTghWiA+oGqhgwGgTefw=="
      },
      "System.Security.Cryptography.ProtectedData": {
        "type": "Transitive",
        "resolved": "7.0.0",
        "contentHash": "xSPiLNlHT6wAHtugASbKAJwV5GVqQK351crnILAucUioFqqieDN79evO1rku1ckt/GfjIn+b17UaSskoY03JuA=="
      },
      "System.Security.Permissions": {
        "type": "Transitive",
        "resolved": "7.0.0",
        "contentHash": "Vmp0iRmCEno9BWiskOW5pxJ3d9n+jUqKxvX4GhLwFhnQaySZmBN2FuC0N5gjFHgyFMUjC5sfIJ8KZfoJwkcMmA==",
        "dependencies": {
          "System.Windows.Extensions": "7.0.0"
        }
      },
      "System.Windows.Extensions": {
        "type": "Transitive",
        "resolved": "7.0.0",
        "contentHash": "bR4qdCmssMMbo9Fatci49An5B1UaVJZHKNq70PRgzoLYIlitb8Tj7ns/Xt5Pz1CkERiTjcVBDU2y1AVrPBYkaw==",
        "dependencies": {
          "System.Drawing.Common": "7.0.0"
        }
      },
      "Microsoft.Bcl.Memory": {
        "type": "CentralTransitive",
        "requested": "[9.0.14, )",
        "resolved": "9.0.14",
        "contentHash": "laQCcjTM2FnbyznkAu9hwBuQh3z2/OtJKwjGkJOUevylFpFXZIUVq/+MU2jM0HQm1n5wsjjwtLIDOiWJ6Nai3A=="
      }
    }
  }
}