{
  "version": 2,
  "dependencies": {
    "net10.0": {
      "FSharp.Core": {
        "type": "Direct",
        "requested": "[10.1.201, )",
        "resolved": "10.1.201",
        "contentHash": "s5w9LWYurZ9yZdIppoIaYLkRadyT5s3u0wbQCb0J4bQd3ubIlIWQ3Nd5+ll1y3pv5OnTS373dP8T1S/BP46QXg=="
      },
      "JetBrains.Annotations": {
        "type": "Direct",
        "requested": "[2025.2.4, )",
        "resolved": "2025.2.4",
        "contentHash": "TwbgxAkXxY+vNEhNVx/QXjJ4vqxmepOjsgRvvImQPbHkHMMb4W+ahL3laMsxXKtNT7iMy+E1B3xkqao2hf1n3A=="
      },
      "FVNever.Nightwatch.Core": {
        "type": "Project",
        "dependencies": {
          "FSharp.Core": "[10.1.201, )",
          "TruePath": "[1.11.0, )"
        }
      },
      "Microsoft.Bcl.Memory": {
        "type": "CentralTransitive",
        "requested": "[9.0.14, )",
        "resolved": "9.0.14",
        "contentHash": "laQCcjTM2FnbyznkAu9hwBuQh3z2/OtJKwjGkJOUevylFpFXZIUVq/+MU2jM0HQm1n5wsjjwtLIDOiWJ6Nai3A=="
      },
      "TruePath": {
        "type": "CentralTransitive",
        "requested": "[1.11.0, )",
        "resolved": "1.11.0",
        "contentHash": "cSxOk2ySwZfxmPnUExAn48eiHi5cX6tUBnosjlDsB4jGhOHQv/zTzHN9W6tSfAr9IEC+38tpYL2J5udv1IlCjQ==",
        "dependencies": {
          "Microsoft.Bcl.Memory": "9.0.10"
        }
      }
    }
  }
}